
Microsoft Visual Studio Solution File, Format Version 12.00
# Visual Studio Version 17
VisualStudioVersion = 17.9.34728.123
MinimumVisualStudioVersion = 10.0.40219.1
Project("{9A19103F-16F7-4668-BE54-9A1E7A4F7556}") = "Git_Project_05UI", "Git_Project_05UI\Git_Project_05UI.csproj", "{59C6476A-50A1-45C2-985C-E2EDAF9B5B51}"
EndProject
Project("{FAE04EC0-301F-11D3-BF4B-00C04F79EFBC}") = "Git_Wb_API", "Git_Wb_API\Git_Wb_API.csproj", "{B9C4EB0C-40BD-4EC9-A7F2-11F26489268F}"
EndProject
Project("{FAE04EC0-301F-11D3-BF4B-00C04F79EFBC}") = "Git_Domain", "Git_Domain\Git_Domain.csproj", "{EF87875B-1EF5-4B52-9252-083CA007F05E}"
EndProject
Global
	GlobalSection(SolutionConfigurationPlatforms) = preSolution
		Debug|Any CPU = Debug|Any CPU
		Debug|x64 = Debug|x64
		Debug|x86 = Debug|x86
		Release|Any CPU = Release|Any CPU
		Release|x64 = Release|x64
		Release|x86 = Release|x86
	EndGlobalSection
	GlobalSection(ProjectConfigurationPlatforms) = postSolution
		{59C6476A-50A1-45C2-985C-E2EDAF9B5B51}.Debug|Any CPU.ActiveCfg = Debug|Any CPU
		{59C6476A-50A1-45C2-985C-E2EDAF9B5B51}.Debug|Any CPU.Build.0 = Debug|Any CPU
		{59C6476A-50A1-45C2-985C-E2EDAF9B5B51}.Debug|x64.ActiveCfg = Debug|Any CPU
		{59C6476A-50A1-45C2-985C-E2EDAF9B5B51}.Debug|x64.Build.0 = Debug|Any CPU
		{59C6476A-50A1-45C2-985C-E2EDAF9B5B51}.Debug|x86.ActiveCfg = Debug|Any CPU
		{59C6476A-50A1-45C2-985C-E2EDAF9B5B51}.Debug|x86.Build.0 = Debug|Any CPU
		{59C6476A-50A1-45C2-985C-E2EDAF9B5B51}.Release|Any CPU.ActiveCfg = Release|Any CPU
		{59C6476A-50A1-45C2-985C-E2EDAF9B5B51}.Release|Any CPU.Build.0 = Release|Any CPU
		{59C6476A-50A1-45C2-985C-E2EDAF9B5B51}.Release|x64.ActiveCfg = Release|Any CPU
		{59C6476A-50A1-45C2-985C-E2EDAF9B5B51}.Release|x64.Build.0 = Release|Any CPU
		{59C6476A-50A1-45C2-985C-E2EDAF9B5B51}.Release|x86.ActiveCfg = Release|Any CPU
		{59C6476A-50A1-45C2-985C-E2EDAF9B5B51}.Release|x86.Build.0 = Release|Any CPU
		{B9C4EB0C-40BD-4EC9-A7F2-11F26489268F}.Debug|Any CPU.ActiveCfg = Debug|Any CPU
		{B9C4EB0C-40BD-4EC9-A7F2-11F26489268F}.Debug|Any CPU.Build.0 = Debug|Any CPU
		{B9C4EB0C-40BD-4EC9-A7F2-11F26489268F}.Debug|x64.ActiveCfg = Debug|Any CPU
		{B9C4EB0C-40BD-4EC9-A7F2-11F26489268F}.Debug|x64.Build.0 = Debug|Any CPU
		{B9C4EB0C-40BD-4EC9-A7F2-11F26489268F}.Debug|x86.ActiveCfg = Debug|Any CPU
		{B9C4EB0C-40BD-4EC9-A7F2-11F26489268F}.Debug|x86.Build.0 = Debug|Any CPU
		{B9C4EB0C-40BD-4EC9-A7F2-11F26489268F}.Release|Any CPU.ActiveCfg = Release|Any CPU
		{B9C4EB0C-40BD-4EC9-A7F2-11F26489268F}.Release|Any CPU.Build.0 = Release|Any CPU
		{B9C4EB0C-40BD-4EC9-A7F2-11F26489268F}.Release|x64.ActiveCfg = Release|Any CPU
		{B9C4EB0C-40BD-4EC9-A7F2-11F26489268F}.Release|x64.Build.0 = Release|Any CPU
		{B9C4EB0C-40BD-4EC9-A7F2-11F26489268F}.Release|x86.ActiveCfg = Release|Any CPU
		{B9C4EB0C-40BD-4EC9-A7F2-11F26489268F}.Release|x86.Build.0 = Release|Any CPU
		{EF87875B-1EF5-4B52-9252-083CA007F05E}.Debug|Any CPU.ActiveCfg = Debug|Any CPU
		{EF87875B-1EF5-4B52-9252-083CA007F05E}.Debug|Any CPU.Build.0 = Debug|Any CPU
		{EF87875B-1EF5-4B52-9252-083CA007F05E}.Debug|x64.ActiveCfg = Debug|Any CPU
		{EF87875B-1EF5-4B52-9252-083CA007F05E}.Debug|x64.Build.0 = Debug|Any CPU
		{EF87875B-1EF5-4B52-9252-083CA007F05E}.Debug|x86.ActiveCfg = Debug|Any CPU
		{EF87875B-1EF5-4B52-9252-083CA007F05E}.Debug|x86.Build.0 = Debug|Any CPU
		{EF87875B-1EF5-4B52-9252-083CA007F05E}.Release|Any CPU.ActiveCfg = Release|Any CPU
		{EF87875B-1EF5-4B52-9252-083CA007F05E}.Release|Any CPU.Build.0 = Release|Any CPU
		{EF87875B-1EF5-4B52-9252-083CA007F05E}.Release|x64.ActiveCfg = Release|Any CPU
		{EF87875B-1EF5-4B52-9252-083CA007F05E}.Release|x64.Build.0 = Release|Any CPU
		{EF87875B-1EF5-4B52-9252-083CA007F05E}.Release|x86.ActiveCfg = Release|Any CPU
		{EF87875B-1EF5-4B52-9252-083CA007F05E}.Release|x86.Build.0 = Release|Any CPU
	EndGlobalSection
	GlobalSection(SolutionProperties) = preSolution
		HideSolutionNode = FALSE
	EndGlobalSection
	GlobalSection(ExtensibilityGlobals) = postSolution
		SolutionGuid = {212F2D0D-AA7C-40D4-BC47-8FCB1737D666}
	EndGlobalSection
EndGlobal
